
Microsoft Visual Studio Solution File, Format Version 12.00
# Visual Studio 15
VisualStudioVersion = 15.0.28010.2050
MinimumVisualStudioVersion = 10.0.40219.1
Project("{FAE04EC0-301F-11D3-BF4B-00C04F79EFBC}") = "xPlatAuction2.Android", "xPlatAuction2\xPlatAuction2.Android\xPlatAuction2.Android.csproj", "{41F8CA2D-E338-4963-A267-F7312AEF80AC}"
EndProject
Project("{FAE04EC0-301F-11D3-BF4B-00C04F79EFBC}") = "xPlatAuction2.iOS", "xPlatAuction2\xPlatAuction2.iOS\xPlatAuction2.iOS.csproj", "{438E6FB9-EF56-41E7-8628-698EEB811588}"
EndProject
Project("{FAE04EC0-301F-11D3-BF4B-00C04F79EFBC}") = "xPlatAuction2.UWP", "xPlatAuction2\xPlatAuction2.UWP\xPlatAuction2.UWP.csproj", "{69E25632-9A02-4D00-9BB3-9E9341453CF3}"
EndProject
Project("{9A19103F-16F7-4668-BE54-9A1E7A4F7556}") = "xPlatAuction2", "xPlatAuction2\xPlatAuction2\xPlatAuction2.csproj", "{868EB390-9F5C-4BBE-946D-36196152EAB1}"
EndProject
Project("{FAE04EC0-301F-11D3-BF4B-00C04F79EFBC}") = "xPlatAuction2.Backend", "xPlatAuction2.Backend\xPlatAuction2.Backend.csproj", "{AAC6CB25-DB1B-484B-AA17-F1DF0AD8D6B2}"
EndProject
Global
	GlobalSection(SolutionConfigurationPlatforms) = preSolution
		Ad-Hoc|Any CPU = Ad-Hoc|Any CPU
		Ad-Hoc|ARM = Ad-Hoc|ARM
		Ad-Hoc|iPhone = Ad-Hoc|iPhone
		Ad-Hoc|iPhoneSimulator = Ad-Hoc|iPhoneSimulator
		Ad-Hoc|x64 = Ad-Hoc|x64
		Ad-Hoc|x86 = Ad-Hoc|x86
		AppStore|Any CPU = AppStore|Any CPU
		AppStore|ARM = AppStore|ARM
		AppStore|iPhone = AppStore|iPhone
		AppStore|iPhoneSimulator = AppStore|iPhoneSimulator
		AppStore|x64 = AppStore|x64
		AppStore|x86 = AppStore|x86
		Debug|Any CPU = Debug|Any CPU
		Debug|ARM = Debug|ARM
		Debug|iPhone = Debug|iPhone
		Debug|iPhoneSimulator = Debug|iPhoneSimulator
		Debug|x64 = Debug|x64
		Debug|x86 = Debug|x86
		Release|Any CPU = Release|Any CPU
		Release|ARM = Release|ARM
		Release|iPhone = Release|iPhone
		Release|iPhoneSimulator = Release|iPhoneSimulator
		Release|x64 = Release|x64
		Release|x86 = Release|x86
	EndGlobalSection
	GlobalSection(ProjectConfigurationPlatforms) = postSolution
		{41F8CA2D-E338-4963-A267-F7312AEF80AC}.Ad-Hoc|Any CPU.ActiveCfg = Release|Any CPU
		{41F8CA2D-E338-4963-A267-F7312AEF80AC}.Ad-Hoc|Any CPU.Build.0 = Release|Any CPU
		{41F8CA2D-E338-4963-A267-F7312AEF80AC}.Ad-Hoc|Any CPU.Deploy.0 = Release|Any CPU
		{41F8CA2D-E338-4963-A267-F7312AEF80AC}.Ad-Hoc|ARM.ActiveCfg = Release|Any CPU
		{41F8CA2D-E338-4963-A267-F7312AEF80AC}.Ad-Hoc|ARM.Build.0 = Release|Any CPU
		{41F8CA2D-E338-4963-A267-F7312AEF80AC}.Ad-Hoc|ARM.Deploy.0 = Release|Any CPU
		{41F8CA2D-E338-4963-A267-F7312AEF80AC}.Ad-Hoc|iPhone.ActiveCfg = Release|Any CPU
		{41F8CA2D-E338-4963-A267-F7312AEF80AC}.Ad-Hoc|iPhone.Build.0 = Release|Any CPU
		{41F8CA2D-E338-4963-A267-F7312AEF80AC}.Ad-Hoc|iPhone.Deploy.0 = Release|Any CPU
		{41F8CA2D-E338-4963-A267-F7312AEF80AC}.Ad-Hoc|iPhoneSimulator.ActiveCfg = Release|Any CPU
		{41F8CA2D-E338-4963-A267-F7312AEF80AC}.Ad-Hoc|iPhoneSimulator.Build.0 = Release|Any CPU
		{41F8CA2D-E338-4963-A267-F7312AEF80AC}.Ad-Hoc|iPhoneSimulator.Deploy.0 = Release|Any CPU
		{41F8CA2D-E338-4963-A267-F7312AEF80AC}.Ad-Hoc|x64.ActiveCfg = Release|Any CPU
		{41F8CA2D-E338-4963-A267-F7312AEF80AC}.Ad-Hoc|x64.Build.0 = Release|Any CPU
		{41F8CA2D-E338-4963-A267-F7312AEF80AC}.Ad-Hoc|x64.Deploy.0 = Release|Any CPU
		{41F8CA2D-E338-4963-A267-F7312AEF80AC}.Ad-Hoc|x86.ActiveCfg = Release|Any CPU
		{41F8CA2D-E338-4963-A267-F7312AEF80AC}.Ad-Hoc|x86.Build.0 = Release|Any CPU
		{41F8CA2D-E338-4963-A267-F7312AEF80AC}.Ad-Hoc|x86.Deploy.0 = Release|Any CPU
		{41F8CA2D-E338-4963-A267-F7312AEF80AC}.AppStore|Any CPU.ActiveCfg = Release|Any CPU
		{41F8CA2D-E338-4963-A267-F7312AEF80AC}.AppStore|Any CPU.Build.0 = Release|Any CPU
		{41F8CA2D-E338-4963-A267-F7312AEF80AC}.AppStore|Any CPU.Deploy.0 = Release|Any CPU
		{41F8CA2D-E338-4963-A267-F7312AEF80AC}.AppStore|ARM.ActiveCfg = Release|Any CPU
		{41F8CA2D-E338-4963-A267-F7312AEF80AC}.AppStore|ARM.Build.0 = Release|Any CPU
		{41F8CA2D-E338-4963-A267-F7312AEF80AC}.AppStore|ARM.Deploy.0 = Release|Any CPU
		{41F8CA2D-E338-4963-A267-F7312AEF80AC}.AppStore|iPhone.ActiveCfg = Release|Any CPU
		{41F8CA2D-E338-4963-A267-F7312AEF80AC}.AppStore|iPhone.Build.0 = Release|Any CPU
		{41F8CA2D-E338-4963-A267-F7312AEF80AC}.AppStore|iPhone.Deploy.0 = Release|Any CPU
		{41F8CA2D-E338-4963-A267-F7312AEF80AC}.AppStore|iPhoneSimulator.ActiveCfg = Release|Any CPU
		{41F8CA2D-E338-4963-A267-F7312AEF80AC}.AppStore|iPhoneSimulator.Build.0 = Release|Any CPU
		{41F8CA2D-E338-4963-A267-F7312AEF80AC}.AppStore|iPhoneSimulator.Deploy.0 = Release|Any CPU
		{41F8CA2D-E338-4963-A267-F7312AEF80AC}.AppStore|x64.ActiveCfg = Release|Any CPU
		{41F8CA2D-E338-4963-A267-F7312AEF80AC}.AppStore|x64.Build.0 = Release|Any CPU
		{41F8CA2D-E338-4963-A267-F7312AEF80AC}.AppStore|x64.Deploy.0 = Release|Any CPU
		{41F8CA2D-E338-4963-A267-F7312AEF80AC}.AppStore|x86.ActiveCfg = Release|Any CPU
		{41F8CA2D-E338-4963-A267-F7312AEF80AC}.AppStore|x86.Build.0 = Release|Any CPU
		{41F8CA2D-E338-4963-A267-F7312AEF80AC}.AppStore|x86.Deploy.0 = Release|Any CPU
		{41F8CA2D-E338-4963-A267-F7312AEF80AC}.Debug|Any CPU.ActiveCfg = Debug|Any CPU
		{41F8CA2D-E338-4963-A267-F7312AEF80AC}.Debug|Any CPU.Build.0 = Debug|Any CPU
		{41F8CA2D-E338-4963-A267-F7312AEF80AC}.Debug|Any CPU.Deploy.0 = Debug|Any CPU
		{41F8CA2D-E338-4963-A267-F7312AEF80AC}.Debug|ARM.ActiveCfg = Debug|Any CPU
		{41F8CA2D-E338-4963-A267-F7312AEF80AC}.Debug|ARM.Build.0 = Debug|Any CPU
		{41F8CA2D-E338-4963-A267-F7312AEF80AC}.Debug|ARM.Deploy.0 = Debug|Any CPU
		{41F8CA2D-E338-4963-A267-F7312AEF80AC}.Debug|iPhone.ActiveCfg = Debug|Any CPU
		{41F8CA2D-E338-4963-A267-F7312AEF80AC}.Debug|iPhone.Build.0 = Debug|Any CPU
		{41F8CA2D-E338-4963-A267-F7312AEF80AC}.Debug|iPhone.Deploy.0 = Debug|Any CPU
		{41F8CA2D-E338-4963-A267-F7312AEF80AC}.Debug|iPhoneSimulator.ActiveCfg = Debug|Any CPU
		{41F8CA2D-E338-4963-A267-F7312AEF80AC}.Debug|iPhoneSimulator.Build.0 = Debug|Any CPU
		{41F8CA2D-E338-4963-A267-F7312AEF80AC}.Debug|iPhoneSimulator.Deploy.0 = Debug|Any CPU
		{41F8CA2D-E338-4963-A267-F7312AEF80AC}.Debug|x64.ActiveCfg = Debug|Any CPU
		{41F8CA2D-E338-4963-A267-F7312AEF80AC}.Debug|x64.Build.0 = Debug|Any CPU
		{41F8CA2D-E338-4963-A267-F7312AEF80AC}.Debug|x64.Deploy.0 = Debug|Any CPU
		{41F8CA2D-E338-4963-A267-F7312AEF80AC}.Debug|x86.ActiveCfg = Debug|Any CPU
		{41F8CA2D-E338-4963-A267-F7312AEF80AC}.Debug|x86.Build.0 = Debug|Any CPU
		{41F8CA2D-E338-4963-A267-F7312AEF80AC}.Debug|x86.Deploy.0 = Debug|Any CPU
		{41F8CA2D-E338-4963-A267-F7312AEF80AC}.Release|Any CPU.ActiveCfg = Release|Any CPU
		{41F8CA2D-E338-4963-A267-F7312AEF80AC}.Release|Any CPU.Build.0 = Release|Any CPU
		{41F8CA2D-E338-4963-A267-F7312AEF80AC}.Release|Any CPU.Deploy.0 = Release|Any CPU
		{41F8CA2D-E338-4963-A267-F7312AEF80AC}.Release|ARM.ActiveCfg = Release|Any CPU
		{41F8CA2D-E338-4963-A267-F7312AEF80AC}.Release|ARM.Build.0 = Release|Any CPU
		{41F8CA2D-E338-4963-A267-F7312AEF80AC}.Release|ARM.Deploy.0 = Release|Any CPU
		{41F8CA2D-E338-4963-A267-F7312AEF80AC}.Release|iPhone.ActiveCfg = Release|Any CPU
		{41F8CA2D-E338-4963-A267-F7312AEF80AC}.Release|iPhone.Build.0 = Release|Any CPU
		{41F8CA2D-E338-4963-A267-F7312AEF80AC}.Release|iPhone.Deploy.0 = Release|Any CPU
		{41F8CA2D-E338-4963-A267-F7312AEF80AC}.Release|iPhoneSimulator.ActiveCfg = Release|Any CPU
		{41F8CA2D-E338-4963-A267-F7312AEF80AC}.Release|iPhoneSimulator.Build.0 = Release|Any CPU
		{41F8CA2D-E338-4963-A267-F7312AEF80AC}.Release|iPhoneSimulator.Deploy.0 = Release|Any CPU
		{41F8CA2D-E338-4963-A267-F7312AEF80AC}.Release|x64.ActiveCfg = Release|Any CPU
		{41F8CA2D-E338-4963-A267-F7312AEF80AC}.Release|x64.Build.0 = Release|Any CPU
		{41F8CA2D-E338-4963-A267-F7312AEF80AC}.Release|x64.Deploy.0 = Release|Any CPU
		{41F8CA2D-E338-4963-A267-F7312AEF80AC}.Release|x86.ActiveCfg = Release|Any CPU
		{41F8CA2D-E338-4963-A267-F7312AEF80AC}.Release|x86.Build.0 = Release|Any CPU
		{41F8CA2D-E338-4963-A267-F7312AEF80AC}.Release|x86.Deploy.0 = Release|Any CPU
		{438E6FB9-EF56-41E7-8628-698EEB811588}.Ad-Hoc|Any CPU.ActiveCfg = Ad-Hoc|iPhone
		{438E6FB9-EF56-41E7-8628-698EEB811588}.Ad-Hoc|Any CPU.Build.0 = Ad-Hoc|iPhone
		{438E6FB9-EF56-41E7-8628-698EEB811588}.Ad-Hoc|Any CPU.Deploy.0 = Ad-Hoc|iPhone
		{438E6FB9-EF56-41E7-8628-698EEB811588}.Ad-Hoc|ARM.ActiveCfg = Ad-Hoc|iPhone
		{438E6FB9-EF56-41E7-8628-698EEB811588}.Ad-Hoc|ARM.Build.0 = Ad-Hoc|iPhone
		{438E6FB9-EF56-41E7-8628-698EEB811588}.Ad-Hoc|ARM.Deploy.0 = Ad-Hoc|iPhone
		{438E6FB9-EF56-41E7-8628-698EEB811588}.Ad-Hoc|iPhone.ActiveCfg = Ad-Hoc|iPhone
		{438E6FB9-EF56-41E7-8628-698EEB811588}.Ad-Hoc|iPhone.Build.0 = Ad-Hoc|iPhone
		{438E6FB9-EF56-41E7-8628-698EEB811588}.Ad-Hoc|iPhone.Deploy.0 = Ad-Hoc|iPhone
		{438E6FB9-EF56-41E7-8628-698EEB811588}.Ad-Hoc|iPhoneSimulator.ActiveCfg = Ad-Hoc|iPhoneSimulator
		{438E6FB9-EF56-41E7-8628-698EEB811588}.Ad-Hoc|iPhoneSimulator.Build.0 = Ad-Hoc|iPhoneSimulator
		{438E6FB9-EF56-41E7-8628-698EEB811588}.Ad-Hoc|iPhoneSimulator.Deploy.0 = Ad-Hoc|iPhoneSimulator
		{438E6FB9-EF56-41E7-8628-698EEB811588}.Ad-Hoc|x64.ActiveCfg = Ad-Hoc|iPhone
		{438E6FB9-EF56-41E7-8628-698EEB811588}.Ad-Hoc|x64.Build.0 = Ad-Hoc|iPhone
		{438E6FB9-EF56-41E7-8628-698EEB811588}.Ad-Hoc|x64.Deploy.0 = Ad-Hoc|iPhone
		{438E6FB9-EF56-41E7-8628-698EEB811588}.Ad-Hoc|x86.ActiveCfg = Ad-Hoc|iPhone
		{438E6FB9-EF56-41E7-8628-698EEB811588}.Ad-Hoc|x86.Build.0 = Ad-Hoc|iPhone
		{438E6FB9-EF56-41E7-8628-698EEB811588}.Ad-Hoc|x86.Deploy.0 = Ad-Hoc|iPhone
		{438E6FB9-EF56-41E7-8628-698EEB811588}.AppStore|Any CPU.ActiveCfg = AppStore|iPhone
		{438E6FB9-EF56-41E7-8628-698EEB811588}.AppStore|Any CPU.Build.0 = AppStore|iPhone
		{438E6FB9-EF56-41E7-8628-698EEB811588}.AppStore|Any CPU.Deploy.0 = AppStore|iPhone
		{438E6FB9-EF56-41E7-8628-698EEB811588}.AppStore|ARM.ActiveCfg = AppStore|iPhone
		{438E6FB9-EF56-41E7-8628-698EEB811588}.AppStore|ARM.Build.0 = AppStore|iPhone
		{438E6FB9-EF56-41E7-8628-698EEB811588}.AppStore|ARM.Deploy.0 = AppStore|iPhone
		{438E6FB9-EF56-41E7-8628-698EEB811588}.AppStore|iPhone.ActiveCfg = AppStore|iPhone
		{438E6FB9-EF56-41E7-8628-698EEB811588}.AppStore|iPhone.Build.0 = AppStore|iPhone
		{438E6FB9-EF56-41E7-8628-698EEB811588}.AppStore|iPhone.Deploy.0 = AppStore|iPhone
		{438E6FB9-EF56-41E7-8628-698EEB811588}.AppStore|iPhoneSimulator.ActiveCfg = AppStore|iPhoneSimulator
		{438E6FB9-EF56-41E7-8628-698EEB811588}.AppStore|iPhoneSimulator.Build.0 = AppStore|iPhoneSimulator
		{438E6FB9-EF56-41E7-8628-698EEB811588}.AppStore|iPhoneSimulator.Deploy.0 = AppStore|iPhoneSimulator
		{438E6FB9-EF56-41E7-8628-698EEB811588}.AppStore|x64.ActiveCfg = AppStore|iPhone
		{438E6FB9-EF56-41E7-8628-698EEB811588}.AppStore|x64.Build.0 = AppStore|iPhone
		{438E6FB9-EF56-41E7-8628-698EEB811588}.AppStore|x64.Deploy.0 = AppStore|iPhone
		{438E6FB9-EF56-41E7-8628-698EEB811588}.AppStore|x86.ActiveCfg = AppStore|iPhone
		{438E6FB9-EF56-41E7-8628-698EEB811588}.AppStore|x86.Build.0 = AppStore|iPhone
		{438E6FB9-EF56-41E7-8628-698EEB811588}.AppStore|x86.Deploy.0 = AppStore|iPhone
		{438E6FB9-EF56-41E7-8628-698EEB811588}.Debug|Any CPU.ActiveCfg = Debug|iPhoneSimulator
		{438E6FB9-EF56-41E7-8628-698EEB811588}.Debug|Any CPU.Build.0 = Debug|iPhoneSimulator
		{438E6FB9-EF56-41E7-8628-698EEB811588}.Debug|Any CPU.Deploy.0 = Debug|iPhoneSimulator
		{438E6FB9-EF56-41E7-8628-698EEB811588}.Debug|ARM.ActiveCfg = Debug|iPhone
		{438E6FB9-EF56-41E7-8628-698EEB811588}.Debug|ARM.Build.0 = Debug|iPhone
		{438E6FB9-EF56-41E7-8628-698EEB811588}.Debug|ARM.Deploy.0 = Debug|iPhone
		{438E6FB9-EF56-41E7-8628-698EEB811588}.Debug|iPhone.ActiveCfg = Debug|iPhone
		{438E6FB9-EF56-41E7-8628-698EEB811588}.Debug|iPhone.Build.0 = Debug|iPhone
		{438E6FB9-EF56-41E7-8628-698EEB811588}.Debug|iPhone.Deploy.0 = Debug|iPhone
		{438E6FB9-EF56-41E7-8628-698EEB811588}.Debug|iPhoneSimulator.ActiveCfg = Debug|iPhoneSimulator
		{438E6FB9-EF56-41E7-8628-698EEB811588}.Debug|iPhoneSimulator.Build.0 = Debug|iPhoneSimulator
		{438E6FB9-EF56-41E7-8628-698EEB811588}.Debug|iPhoneSimulator.Deploy.0 = Debug|iPhoneSimulator
		{438E6FB9-EF56-41E7-8628-698EEB811588}.Debug|x64.ActiveCfg = Debug|iPhone
		{438E6FB9-EF56-41E7-8628-698EEB811588}.Debug|x64.Build.0 = Debug|iPhone
		{438E6FB9-EF56-41E7-8628-698EEB811588}.Debug|x64.Deploy.0 = Debug|iPhone
		{438E6FB9-EF56-41E7-8628-698EEB811588}.Debug|x86.ActiveCfg = Debug|iPhone
		{438E6FB9-EF56-41E7-8628-698EEB811588}.Debug|x86.Build.0 = Debug|iPhone
		{438E6FB9-EF56-41E7-8628-698EEB811588}.Debug|x86.Deploy.0 = Debug|iPhone
		{438E6FB9-EF56-41E7-8628-698EEB811588}.Release|Any CPU.ActiveCfg = Release|iPhone
		{438E6FB9-EF56-41E7-8628-698EEB811588}.Release|Any CPU.Build.0 = Release|iPhone
		{438E6FB9-EF56-41E7-8628-698EEB811588}.Release|Any CPU.Deploy.0 = Release|iPhone
		{438E6FB9-EF56-41E7-8628-698EEB811588}.Release|ARM.ActiveCfg = Release|iPhone
		{438E6FB9-EF56-41E7-8628-698EEB811588}.Release|ARM.Build.0 = Release|iPhone
		{438E6FB9-EF56-41E7-8628-698EEB811588}.Release|ARM.Deploy.0 = Release|iPhone
		{438E6FB9-EF56-41E7-8628-698EEB811588}.Release|iPhone.ActiveCfg = Release|iPhone
		{438E6FB9-EF56-41E7-8628-698EEB811588}.Release|iPhone.Build.0 = Release|iPhone
		{438E6FB9-EF56-41E7-8628-698EEB811588}.Release|iPhone.Deploy.0 = Release|iPhone
		{438E6FB9-EF56-41E7-8628-698EEB811588}.Release|iPhoneSimulator.ActiveCfg = Release|iPhoneSimulator
		{438E6FB9-EF56-41E7-8628-698EEB811588}.Release|iPhoneSimulator.Build.0 = Release|iPhoneSimulator
		{438E6FB9-EF56-41E7-8628-698EEB811588}.Release|iPhoneSimulator.Deploy.0 = Release|iPhoneSimulator
		{438E6FB9-EF56-41E7-8628-698EEB811588}.Release|x64.ActiveCfg = Release|iPhone
		{438E6FB9-EF56-41E7-8628-698EEB811588}.Release|x64.Build.0 = Release|iPhone
		{438E6FB9-EF56-41E7-8628-698EEB811588}.Release|x64.Deploy.0 = Release|iPhone
		{438E6FB9-EF56-41E7-8628-698EEB811588}.Release|x86.ActiveCfg = Release|iPhone
		{438E6FB9-EF56-41E7-8628-698EEB811588}.Release|x86.Build.0 = Release|iPhone
		{438E6FB9-EF56-41E7-8628-698EEB811588}.Release|x86.Deploy.0 = Release|iPhone
		{69E25632-9A02-4D00-9BB3-9E9341453CF3}.Ad-Hoc|Any CPU.ActiveCfg = Release|x86
		{69E25632-9A02-4D00-9BB3-9E9341453CF3}.Ad-Hoc|Any CPU.Build.0 = Release|x86
		{69E25632-9A02-4D00-9BB3-9E9341453CF3}.Ad-Hoc|Any CPU.Deploy.0 = Release|x86
		{69E25632-9A02-4D00-9BB3-9E9341453CF3}.Ad-Hoc|ARM.ActiveCfg = Release|ARM
		{69E25632-9A02-4D00-9BB3-9E9341453CF3}.Ad-Hoc|ARM.Build.0 = Release|ARM
		{69E25632-9A02-4D00-9BB3-9E9341453CF3}.Ad-Hoc|ARM.Deploy.0 = Release|ARM
		{69E25632-9A02-4D00-9BB3-9E9341453CF3}.Ad-Hoc|iPhone.ActiveCfg = Release|x86
		{69E25632-9A02-4D00-9BB3-9E9341453CF3}.Ad-Hoc|iPhone.Build.0 = Release|x86
		{69E25632-9A02-4D00-9BB3-9E9341453CF3}.Ad-Hoc|iPhone.Deploy.0 = Release|x86
		{69E25632-9A02-4D00-9BB3-9E9341453CF3}.Ad-Hoc|iPhoneSimulator.ActiveCfg = Release|x86
		{69E25632-9A02-4D00-9BB3-9E9341453CF3}.Ad-Hoc|iPhoneSimulator.Build.0 = Release|x86
		{69E25632-9A02-4D00-9BB3-9E9341453CF3}.Ad-Hoc|iPhoneSimulator.Deploy.0 = Release|x86
		{69E25632-9A02-4D00-9BB3-9E9341453CF3}.Ad-Hoc|x64.ActiveCfg = Release|x64
		{69E25632-9A02-4D00-9BB3-9E9341453CF3}.Ad-Hoc|x64.Build.0 = Release|x64
		{69E25632-9A02-4D00-9BB3-9E9341453CF3}.Ad-Hoc|x64.Deploy.0 = Release|x64
		{69E25632-9A02-4D00-9BB3-9E9341453CF3}.Ad-Hoc|x86.ActiveCfg = Release|x86
		{69E25632-9A02-4D00-9BB3-9E9341453CF3}.Ad-Hoc|x86.Build.0 = Release|x86
		{69E25632-9A02-4D00-9BB3-9E9341453CF3}.Ad-Hoc|x86.Deploy.0 = Release|x86
		{69E25632-9A02-4D00-9BB3-9E9341453CF3}.AppStore|Any CPU.ActiveCfg = Release|x86
		{69E25632-9A02-4D00-9BB3-9E9341453CF3}.AppStore|Any CPU.Build.0 = Release|x86
		{69E25632-9A02-4D00-9BB3-9E9341453CF3}.AppStore|Any CPU.Deploy.0 = Release|x86
		{69E25632-9A02-4D00-9BB3-9E9341453CF3}.AppStore|ARM.ActiveCfg = Release|ARM
		{69E25632-9A02-4D00-9BB3-9E9341453CF3}.AppStore|ARM.Build.0 = Release|ARM
		{69E25632-9A02-4D00-9BB3-9E9341453CF3}.AppStore|ARM.Deploy.0 = Release|ARM
		{69E25632-9A02-4D00-9BB3-9E9341453CF3}.AppStore|iPhone.ActiveCfg = Release|x86
		{69E25632-9A02-4D00-9BB3-9E9341453CF3}.AppStore|iPhone.Build.0 = Release|x86
		{69E25632-9A02-4D00-9BB3-9E9341453CF3}.AppStore|iPhone.Deploy.0 = Release|x86
		{69E25632-9A02-4D00-9BB3-9E9341453CF3}.AppStore|iPhoneSimulator.ActiveCfg = Release|x86
		{69E25632-9A02-4D00-9BB3-9E9341453CF3}.AppStore|iPhoneSimulator.Build.0 = Release|x86
		{69E25632-9A02-4D00-9BB3-9E9341453CF3}.AppStore|iPhoneSimulator.Deploy.0 = Release|x86
		{69E25632-9A02-4D00-9BB3-9E9341453CF3}.AppStore|x64.ActiveCfg = Release|x64
		{69E25632-9A02-4D00-9BB3-9E9341453CF3}.AppStore|x64.Build.0 = Release|x64
		{69E25632-9A02-4D00-9BB3-9E9341453CF3}.AppStore|x64.Deploy.0 = Release|x64
		{69E25632-9A02-4D00-9BB3-9E9341453CF3}.AppStore|x86.ActiveCfg = Release|x86
		{69E25632-9A02-4D00-9BB3-9E9341453CF3}.AppStore|x86.Build.0 = Release|x86
		{69E25632-9A02-4D00-9BB3-9E9341453CF3}.AppStore|x86.Deploy.0 = Release|x86
		{69E25632-9A02-4D00-9BB3-9E9341453CF3}.Debug|Any CPU.ActiveCfg = Debug|x86
		{69E25632-9A02-4D00-9BB3-9E9341453CF3}.Debug|Any CPU.Build.0 = Debug|x86
		{69E25632-9A02-4D00-9BB3-9E9341453CF3}.Debug|Any CPU.Deploy.0 = Debug|x86
		{69E25632-9A02-4D00-9BB3-9E9341453CF3}.Debug|ARM.ActiveCfg = Debug|ARM
		{69E25632-9A02-4D00-9BB3-9E9341453CF3}.Debug|ARM.Build.0 = Debug|ARM
		{69E25632-9A02-4D00-9BB3-9E9341453CF3}.Debug|ARM.Deploy.0 = Debug|ARM
		{69E25632-9A02-4D00-9BB3-9E9341453CF3}.Debug|iPhone.ActiveCfg = Debug|x86
		{69E25632-9A02-4D00-9BB3-9E9341453CF3}.Debug|iPhone.Build.0 = Debug|x86
		{69E25632-9A02-4D00-9BB3-9E9341453CF3}.Debug|iPhone.Deploy.0 = Debug|x86
		{69E25632-9A02-4D00-9BB3-9E9341453CF3}.Debug|iPhoneSimulator.ActiveCfg = Debug|x86
		{69E25632-9A02-4D00-9BB3-9E9341453CF3}.Debug|iPhoneSimulator.Build.0 = Debug|x86
		{69E25632-9A02-4D00-9BB3-9E9341453CF3}.Debug|iPhoneSimulator.Deploy.0 = Debug|x86
		{69E25632-9A02-4D00-9BB3-9E9341453CF3}.Debug|x64.ActiveCfg = Debug|x64
		{69E25632-9A02-4D00-9BB3-9E9341453CF3}.Debug|x64.Build.0 = Debug|x64
		{69E25632-9A02-4D00-9BB3-9E9341453CF3}.Debug|x64.Deploy.0 = Debug|x64
		{69E25632-9A02-4D00-9BB3-9E9341453CF3}.Debug|x86.ActiveCfg = Debug|x86
		{69E25632-9A02-4D00-9BB3-9E9341453CF3}.Debug|x86.Build.0 = Debug|x86
		{69E25632-9A02-4D00-9BB3-9E9341453CF3}.Debug|x86.Deploy.0 = Debug|x86
		{69E25632-9A02-4D00-9BB3-9E9341453CF3}.Release|Any CPU.ActiveCfg = Release|x86
		{69E25632-9A02-4D00-9BB3-9E9341453CF3}.Release|Any CPU.Build.0 = Release|x86
		{69E25632-9A02-4D00-9BB3-9E9341453CF3}.Release|Any CPU.Deploy.0 = Release|x86
		{69E25632-9A02-4D00-9BB3-9E9341453CF3}.Release|ARM.ActiveCfg = Release|ARM
		{69E25632-9A02-4D00-9BB3-9E9341453CF3}.Release|ARM.Build.0 = Release|ARM
		{69E25632-9A02-4D00-9BB3-9E9341453CF3}.Release|ARM.Deploy.0 = Release|ARM
		{69E25632-9A02-4D00-9BB3-9E9341453CF3}.Release|iPhone.ActiveCfg = Release|x86
		{69E25632-9A02-4D00-9BB3-9E9341453CF3}.Release|iPhone.Build.0 = Release|x86
		{69E25632-9A02-4D00-9BB3-9E9341453CF3}.Release|iPhone.Deploy.0 = Release|x86
		{69E25632-9A02-4D00-9BB3-9E9341453CF3}.Release|iPhoneSimulator.ActiveCfg = Release|x86
		{69E25632-9A02-4D00-9BB3-9E9341453CF3}.Release|iPhoneSimulator.Build.0 = Release|x86
		{69E25632-9A02-4D00-9BB3-9E9341453CF3}.Release|iPhoneSimulator.Deploy.0 = Release|x86
		{69E25632-9A02-4D00-9BB3-9E9341453CF3}.Release|x64.ActiveCfg = Release|x64
		{69E25632-9A02-4D00-9BB3-9E9341453CF3}.Release|x64.Build.0 = Release|x64
		{69E25632-9A02-4D00-9BB3-9E9341453CF3}.Release|x64.Deploy.0 = Release|x64
		{69E25632-9A02-4D00-9BB3-9E9341453CF3}.Release|x86.ActiveCfg = Release|x86
		{69E25632-9A02-4D00-9BB3-9E9341453CF3}.Release|x86.Build.0 = Release|x86
		{69E25632-9A02-4D00-9BB3-9E9341453CF3}.Release|x86.Deploy.0 = Release|x86
		{868EB390-9F5C-4BBE-946D-36196152EAB1}.Ad-Hoc|Any CPU.ActiveCfg = Debug|Any CPU
		{868EB390-9F5C-4BBE-946D-36196152EAB1}.Ad-Hoc|Any CPU.Build.0 = Debug|Any CPU
		{868EB390-9F5C-4BBE-946D-36196152EAB1}.Ad-Hoc|Any CPU.Deploy.0 = Debug|Any CPU
		{868EB390-9F5C-4BBE-946D-36196152EAB1}.Ad-Hoc|ARM.ActiveCfg = Debug|Any CPU
		{868EB390-9F5C-4BBE-946D-36196152EAB1}.Ad-Hoc|ARM.Build.0 = Debug|Any CPU
		{868EB390-9F5C-4BBE-946D-36196152EAB1}.Ad-Hoc|ARM.Deploy.0 = Debug|Any CPU
		{868EB390-9F5C-4BBE-946D-36196152EAB1}.Ad-Hoc|iPhone.ActiveCfg = Debug|Any CPU
		{868EB390-9F5C-4BBE-946D-36196152EAB1}.Ad-Hoc|iPhone.Build.0 = Debug|Any CPU
		{868EB390-9F5C-4BBE-946D-36196152EAB1}.Ad-Hoc|iPhone.Deploy.0 = Debug|Any CPU
		{868EB390-9F5C-4BBE-946D-36196152EAB1}.Ad-Hoc|iPhoneSimulator.ActiveCfg = Debug|Any CPU
		{868EB390-9F5C-4BBE-946D-36196152EAB1}.Ad-Hoc|iPhoneSimulator.Build.0 = Debug|Any CPU
		{868EB390-9F5C-4BBE-946D-36196152EAB1}.Ad-Hoc|iPhoneSimulator.Deploy.0 = Debug|Any CPU
		{868EB390-9F5C-4BBE-946D-36196152EAB1}.Ad-Hoc|x64.ActiveCfg = Debug|Any CPU
		{868EB390-9F5C-4BBE-946D-36196152EAB1}.Ad-Hoc|x64.Build.0 = Debug|Any CPU
		{868EB390-9F5C-4BBE-946D-36196152EAB1}.Ad-Hoc|x64.Deploy.0 = Debug|Any CPU
		{868EB390-9F5C-4BBE-946D-36196152EAB1}.Ad-Hoc|x86.ActiveCfg = Debug|Any CPU
		{868EB390-9F5C-4BBE-946D-36196152EAB1}.Ad-Hoc|x86.Build.0 = Debug|Any CPU
		{868EB390-9F5C-4BBE-946D-36196152EAB1}.Ad-Hoc|x86.Deploy.0 = Debug|Any CPU
		{868EB390-9F5C-4BBE-946D-36196152EAB1}.AppStore|Any CPU.ActiveCfg = Debug|Any CPU
		{868EB390-9F5C-4BBE-946D-36196152EAB1}.AppStore|Any CPU.Build.0 = Debug|Any CPU
		{868EB390-9F5C-4BBE-946D-36196152EAB1}.AppStore|Any CPU.Deploy.0 = Debug|Any CPU
		{868EB390-9F5C-4BBE-946D-36196152EAB1}.AppStore|ARM.ActiveCfg = Debug|Any CPU
		{868EB390-9F5C-4BBE-946D-36196152EAB1}.AppStore|ARM.Build.0 = Debug|Any CPU
		{868EB390-9F5C-4BBE-946D-36196152EAB1}.AppStore|ARM.Deploy.0 = Debug|Any CPU
		{868EB390-9F5C-4BBE-946D-36196152EAB1}.AppStore|iPhone.ActiveCfg = Debug|Any CPU
		{868EB390-9F5C-4BBE-946D-36196152EAB1}.AppStore|iPhone.Build.0 = Debug|Any CPU
		{868EB390-9F5C-4BBE-946D-36196152EAB1}.AppStore|iPhone.Deploy.0 = Debug|Any CPU
		{868EB390-9F5C-4BBE-946D-36196152EAB1}.AppStore|iPhoneSimulator.ActiveCfg = Debug|Any CPU
		{868EB390-9F5C-4BBE-946D-36196152EAB1}.AppStore|iPhoneSimulator.Build.0 = Debug|Any CPU
		{868EB390-9F5C-4BBE-946D-36196152EAB1}.AppStore|iPhoneSimulator.Deploy.0 = Debug|Any CPU
		{868EB390-9F5C-4BBE-946D-36196152EAB1}.AppStore|x64.ActiveCfg = Debug|Any CPU
		{868EB390-9F5C-4BBE-946D-36196152EAB1}.AppStore|x64.Build.0 = Debug|Any CPU
		{868EB390-9F5C-4BBE-946D-36196152EAB1}.AppStore|x64.Deploy.0 = Debug|Any CPU
		{868EB390-9F5C-4BBE-946D-36196152EAB1}.AppStore|x86.ActiveCfg = Debug|Any CPU
		{868EB390-9F5C-4BBE-946D-36196152EAB1}.AppStore|x86.Build.0 = Debug|Any CPU
		{868EB390-9F5C-4BBE-946D-36196152EAB1}.AppStore|x86.Deploy.0 = Debug|Any CPU
		{868EB390-9F5C-4BBE-946D-36196152EAB1}.Debug|Any CPU.ActiveCfg = Debug|Any CPU
		{868EB390-9F5C-4BBE-946D-36196152EAB1}.Debug|Any CPU.Build.0 = Debug|Any CPU
		{868EB390-9F5C-4BBE-946D-36196152EAB1}.Debug|Any CPU.Deploy.0 = Debug|Any CPU
		{868EB390-9F5C-4BBE-946D-36196152EAB1}.Debug|ARM.ActiveCfg = Debug|Any CPU
		{868EB390-9F5C-4BBE-946D-36196152EAB1}.Debug|ARM.Build.0 = Debug|Any CPU
		{868EB390-9F5C-4BBE-946D-36196152EAB1}.Debug|ARM.Deploy.0 = Debug|Any CPU
		{868EB390-9F5C-4BBE-946D-36196152EAB1}.Debug|iPhone.ActiveCfg = Debug|Any CPU
		{868EB390-9F5C-4BBE-946D-36196152EAB1}.Debug|iPhone.Build.0 = Debug|Any CPU
		{868EB390-9F5C-4BBE-946D-36196152EAB1}.Debug|iPhone.Deploy.0 = Debug|Any CPU
		{868EB390-9F5C-4BBE-946D-36196152EAB1}.Debug|iPhoneSimulator.ActiveCfg = Debug|Any CPU
		{868EB390-9F5C-4BBE-946D-36196152EAB1}.Debug|iPhoneSimulator.Build.0 = Debug|Any CPU
		{868EB390-9F5C-4BBE-946D-36196152EAB1}.Debug|iPhoneSimulator.Deploy.0 = Debug|Any CPU
		{868EB390-9F5C-4BBE-946D-36196152EAB1}.Debug|x64.ActiveCfg = Debug|Any CPU
		{868EB390-9F5C-4BBE-946D-36196152EAB1}.Debug|x64.Build.0 = Debug|Any CPU
		{868EB390-9F5C-4BBE-946D-36196152EAB1}.Debug|x64.Deploy.0 = Debug|Any CPU
		{868EB390-9F5C-4BBE-946D-36196152EAB1}.Debug|x86.ActiveCfg = Debug|Any CPU
		{868EB390-9F5C-4BBE-946D-36196152EAB1}.Debug|x86.Build.0 = Debug|Any CPU
		{868EB390-9F5C-4BBE-946D-36196152EAB1}.Debug|x86.Deploy.0 = Debug|Any CPU
		{868EB390-9F5C-4BBE-946D-36196152EAB1}.Release|Any CPU.ActiveCfg = Release|Any CPU
		{868EB390-9F5C-4BBE-946D-36196152EAB1}.Release|Any CPU.Build.0 = Release|Any CPU
		{868EB390-9F5C-4BBE-946D-36196152EAB1}.Release|Any CPU.Deploy.0 = Release|Any CPU
		{868EB390-9F5C-4BBE-946D-36196152EAB1}.Release|ARM.ActiveCfg = Release|Any CPU
		{868EB390-9F5C-4BBE-946D-36196152EAB1}.Release|ARM.Build.0 = Release|Any CPU
		{868EB390-9F5C-4BBE-946D-36196152EAB1}.Release|ARM.Deploy.0 = Release|Any CPU
		{868EB390-9F5C-4BBE-946D-36196152EAB1}.Release|iPhone.ActiveCfg = Release|Any CPU
		{868EB390-9F5C-4BBE-946D-36196152EAB1}.Release|iPhone.Build.0 = Release|Any CPU
		{868EB390-9F5C-4BBE-946D-36196152EAB1}.Release|iPhone.Deploy.0 = Release|Any CPU
		{868EB390-9F5C-4BBE-946D-36196152EAB1}.Release|iPhoneSimulator.ActiveCfg = Release|Any CPU
		{868EB390-9F5C-4BBE-946D-36196152EAB1}.Release|iPhoneSimulator.Build.0 = Release|Any CPU
		{868EB390-9F5C-4BBE-946D-36196152EAB1}.Release|iPhoneSimulator.Deploy.0 = Release|Any CPU
		{868EB390-9F5C-4BBE-946D-36196152EAB1}.Release|x64.ActiveCfg = Release|Any CPU
		{868EB390-9F5C-4BBE-946D-36196152EAB1}.Release|x64.Build.0 = Release|Any CPU
		{868EB390-9F5C-4BBE-946D-36196152EAB1}.Release|x64.Deploy.0 = Release|Any CPU
		{868EB390-9F5C-4BBE-946D-36196152EAB1}.Release|x86.ActiveCfg = Release|Any CPU
		{868EB390-9F5C-4BBE-946D-36196152EAB1}.Release|x86.Build.0 = Release|Any CPU
		{868EB390-9F5C-4BBE-946D-36196152EAB1}.Release|x86.Deploy.0 = Release|Any CPU
		{AAC6CB25-DB1B-484B-AA17-F1DF0AD8D6B2}.Ad-Hoc|Any CPU.ActiveCfg = Release|Any CPU
		{AAC6CB25-DB1B-484B-AA17-F1DF0AD8D6B2}.Ad-Hoc|Any CPU.Build.0 = Release|Any CPU
		{AAC6CB25-DB1B-484B-AA17-F1DF0AD8D6B2}.Ad-Hoc|ARM.ActiveCfg = Release|Any CPU
		{AAC6CB25-DB1B-484B-AA17-F1DF0AD8D6B2}.Ad-Hoc|ARM.Build.0 = Release|Any CPU
		{AAC6CB25-DB1B-484B-AA17-F1DF0AD8D6B2}.Ad-Hoc|iPhone.ActiveCfg = Release|Any CPU
		{AAC6CB25-DB1B-484B-AA17-F1DF0AD8D6B2}.Ad-Hoc|iPhone.Build.0 = Release|Any CPU
		{AAC6CB25-DB1B-484B-AA17-F1DF0AD8D6B2}.Ad-Hoc|iPhoneSimulator.ActiveCfg = Release|Any CPU
		{AAC6CB25-DB1B-484B-AA17-F1DF0AD8D6B2}.Ad-Hoc|iPhoneSimulator.Build.0 = Release|Any CPU
		{AAC6CB25-DB1B-484B-AA17-F1DF0AD8D6B2}.Ad-Hoc|x64.ActiveCfg = Release|Any CPU
		{AAC6CB25-DB1B-484B-AA17-F1DF0AD8D6B2}.Ad-Hoc|x64.Build.0 = Release|Any CPU
		{AAC6CB25-DB1B-484B-AA17-F1DF0AD8D6B2}.Ad-Hoc|x86.ActiveCfg = Release|Any CPU
		{AAC6CB25-DB1B-484B-AA17-F1DF0AD8D6B2}.Ad-Hoc|x86.Build.0 = Release|Any CPU
		{AAC6CB25-DB1B-484B-AA17-F1DF0AD8D6B2}.AppStore|Any CPU.ActiveCfg = Release|Any CPU
		{AAC6CB25-DB1B-484B-AA17-F1DF0AD8D6B2}.AppStore|Any CPU.Build.0 = Release|Any CPU
		{AAC6CB25-DB1B-484B-AA17-F1DF0AD8D6B2}.AppStore|ARM.ActiveCfg = Release|Any CPU
		{AAC6CB25-DB1B-484B-AA17-F1DF0AD8D6B2}.AppStore|ARM.Build.0 = Release|Any CPU
		{AAC6CB25-DB1B-484B-AA17-F1DF0AD8D6B2}.AppStore|iPhone.ActiveCfg = Release|Any CPU
		{AAC6CB25-DB1B-484B-AA17-F1DF0AD8D6B2}.AppStore|iPhone.Build.0 = Release|Any CPU
		{AAC6CB25-DB1B-484B-AA17-F1DF0AD8D6B2}.AppStore|iPhoneSimulator.ActiveCfg = Release|Any CPU
		{AAC6CB25-DB1B-484B-AA17-F1DF0AD8D6B2}.AppStore|iPhoneSimulator.Build.0 = Release|Any CPU
		{AAC6CB25-DB1B-484B-AA17-F1DF0AD8D6B2}.AppStore|x64.ActiveCfg = Release|Any CPU
		{AAC6CB25-DB1B-484B-AA17-F1DF0AD8D6B2}.AppStore|x64.Build.0 = Release|Any CPU
		{AAC6CB25-DB1B-484B-AA17-F1DF0AD8D6B2}.AppStore|x86.ActiveCfg = Release|Any CPU
		{AAC6CB25-DB1B-484B-AA17-F1DF0AD8D6B2}.AppStore|x86.Build.0 = Release|Any CPU
		{AAC6CB25-DB1B-484B-AA17-F1DF0AD8D6B2}.Debug|Any CPU.ActiveCfg = Debug|Any CPU
		{AAC6CB25-DB1B-484B-AA17-F1DF0AD8D6B2}.Debug|Any CPU.Build.0 = Debug|Any CPU
		{AAC6CB25-DB1B-484B-AA17-F1DF0AD8D6B2}.Debug|ARM.ActiveCfg = Debug|Any CPU
		{AAC6CB25-DB1B-484B-AA17-F1DF0AD8D6B2}.Debug|ARM.Build.0 = Debug|Any CPU
		{AAC6CB25-DB1B-484B-AA17-F1DF0AD8D6B2}.Debug|iPhone.ActiveCfg = Debug|Any CPU
		{AAC6CB25-DB1B-484B-AA17-F1DF0AD8D6B2}.Debug|iPhone.Build.0 = Debug|Any CPU
		{AAC6CB25-DB1B-484B-AA17-F1DF0AD8D6B2}.Debug|iPhoneSimulator.ActiveCfg = Debug|Any CPU
		{AAC6CB25-DB1B-484B-AA17-F1DF0AD8D6B2}.Debug|iPhoneSimulator.Build.0 = Debug|Any CPU
		{AAC6CB25-DB1B-484B-AA17-F1DF0AD8D6B2}.Debug|x64.ActiveCfg = Debug|Any CPU
		{AAC6CB25-DB1B-484B-AA17-F1DF0AD8D6B2}.Debug|x64.Build.0 = Debug|Any CPU
		{AAC6CB25-DB1B-484B-AA17-F1DF0AD8D6B2}.Debug|x86.ActiveCfg = Debug|Any CPU
		{AAC6CB25-DB1B-484B-AA17-F1DF0AD8D6B2}.Debug|x86.Build.0 = Debug|Any CPU
		{AAC6CB25-DB1B-484B-AA17-F1DF0AD8D6B2}.Release|Any CPU.ActiveCfg = Release|Any CPU
		{AAC6CB25-DB1B-484B-AA17-F1DF0AD8D6B2}.Release|Any CPU.Build.0 = Release|Any CPU
		{AAC6CB25-DB1B-484B-AA17-F1DF0AD8D6B2}.Release|ARM.ActiveCfg = Release|Any CPU
		{AAC6CB25-DB1B-484B-AA17-F1DF0AD8D6B2}.Release|ARM.Build.0 = Release|Any CPU
		{AAC6CB25-DB1B-484B-AA17-F1DF0AD8D6B2}.Release|iPhone.ActiveCfg = Release|Any CPU
		{AAC6CB25-DB1B-484B-AA17-F1DF0AD8D6B2}.Release|iPhone.Build.0 = Release|Any CPU
		{AAC6CB25-DB1B-484B-AA17-F1DF0AD8D6B2}.Release|iPhoneSimulator.ActiveCfg = Release|Any CPU
		{AAC6CB25-DB1B-484B-AA17-F1DF0AD8D6B2}.Release|iPhoneSimulator.Build.0 = Release|Any CPU
		{AAC6CB25-DB1B-484B-AA17-F1DF0AD8D6B2}.Release|x64.ActiveCfg = Release|Any CPU
		{AAC6CB25-DB1B-484B-AA17-F1DF0AD8D6B2}.Release|x64.Build.0 = Release|Any CPU
		{AAC6CB25-DB1B-484B-AA17-F1DF0AD8D6B2}.Release|x86.ActiveCfg = Release|Any CPU
		{AAC6CB25-DB1B-484B-AA17-F1DF0AD8D6B2}.Release|x86.Build.0 = Release|Any CPU
	EndGlobalSection
	GlobalSection(SolutionProperties) = preSolution
		HideSolutionNode = FALSE
	EndGlobalSection
	GlobalSection(ExtensibilityGlobals) = postSolution
		SolutionGuid = {E30FB2D0-4B4E-4BAB-BDF2-39C6B5E17231}
	EndGlobalSection
EndGlobal
